PODS:
  - Kingfisher (5.15.6):
    - Kingfisher/Core (= 5.15.6)
  - Kingfisher/Core (5.15.6)

DEPENDENCIES:
  - Kingfisher

SPEC REPOS:
  trunk:
    - Kingfisher

SPEC CHECKSUMS:
  Kingfisher: b3554e7bf6106115b44e8795300bad580ef2fdc7

PODFILE CHECKSUM: dd5372ae6161df2e4955f1df4f5a1b41b1f6a475

COCOAPODS: 1.8.4
