// !$*UTF8*$!
{
	archiveVersion = 1;
	classes = {
	};
	objectVersion = 51;
	objects = {

/* Begin PBXBuildFile section */
		0698B387253719EB0099BA19 /* RestaurantTableViewCell.swift in Sources */ = {isa = PBXBuildFile; fileRef = 0698B384253719EB0099BA19 /* RestaurantTableViewCell.swift */; };
		0698B388253719EB0099BA19 /* CategoryCollectionViewCell.swift in Sources */ = {isa = PBXBuildFile; fileRef = 0698B385253719EB0099BA19 /* CategoryCollectionViewCell.swift */; };
		0698B389253719EB0099BA19 /* OffersCollectionViewCell.swift in Sources */ = {isa = PBXBuildFile; fileRef = 0698B386253719EB0099BA19 /* OffersCollectionViewCell.swift */; };
		0698B38B25371A060099BA19 /* HomeModel.swift in Sources */ = {isa = PBXBuildFile; fileRef = 0698B38A25371A060099BA19 /* HomeModel.swift */; };
		06BD8D8A2537192F0092B674 /* AppDelegate.swift in Sources */ = {isa = PBXBuildFile; fileRef = 06BD8D892537192F0092B674 /* AppDelegate.swift */; };
		06BD8D8E2537192F0092B674 /* ViewController.swift in Sources */ = {isa = PBXBuildFile; fileRef = 06BD8D8D2537192F0092B674 /* ViewController.swift */; };
		06BD8D912537192F0092B674 /* Main.storyboard in Resources */ = {isa = PBXBuildFile; fileRef = 06BD8D8F2537192F0092B674 /* Main.storyboard */; };
		06BD8D93253719310092B674 /* Assets.xcassets in Resources */ = {isa = PBXBuildFile; fileRef = 06BD8D92253719310092B674 /* Assets.xcassets */; };
		06BD8D96253719310092B674 /* LaunchScreen.storyboard in Resources */ = {isa = PBXBuildFile; fileRef = 06BD8D94253719310092B674 /* LaunchScreen.storyboard */; };
		06EF91AA2538086C0073F5D4 /* SceneDelegate.swift in Sources */ = {isa = PBXBuildFile; fileRef = 06EF91A92538086B0073F5D4 /* SceneDelegate.swift */; };
		30707D5E08819A08E0250B84 /* Pods_Restaurants.framework in Frameworks */ = {isa = PBXBuildFile; fileRef = 28A1BCD49DE5F4FFA99438DD /* Pods_Restaurants.framework */; };
/* End PBXBuildFile section */

/* Begin PBXFileReference section */
		0698B384253719EB0099BA19 /* RestaurantTableViewCell.swift */ = {isa = PBXFileReference; fileEncoding = 4; lastKnownFileType = sourcecode.swift; path = RestaurantTableViewCell.swift; sourceTree = "<group>"; };
		0698B385253719EB0099BA19 /* CategoryCollectionViewCell.swift */ = {isa = PBXFileReference; fileEncoding = 4; lastKnownFileType = sourcecode.swift; path = CategoryCollectionViewCell.swift; sourceTree = "<group>"; };
		0698B386253719EB0099BA19 /* OffersCollectionViewCell.swift */ = {isa = PBXFileReference; fileEncoding = 4; lastKnownFileType = sourcecode.swift; path = OffersCollectionViewCell.swift; sourceTree = "<group>"; };
		0698B38A25371A060099BA19 /* HomeModel.swift */ = {isa = PBXFileReference; fileEncoding = 4; lastKnownFileType = sourcecode.swift; path = HomeModel.swift; sourceTree = "<group>"; };
		06BD8D862537192F0092B674 /* Restaurants.app */ = {isa = PBXFileReference; explicitFileType = wrapper.application; includeInIndex = 0; path = Restaurants.app; sourceTree = BUILT_PRODUCTS_DIR; };
		06BD8D892537192F0092B674 /* AppDelegate.swift */ = {isa = PBXFileReference; lastKnownFileType = sourcecode.swift; path = AppDelegate.swift; sourceTree = "<group>"; };
		06BD8D8D2537192F0092B674 /* ViewController.swift */ = {isa = PBXFileReference; lastKnownFileType = sourcecode.swift; path = ViewController.swift; sourceTree = "<group>"; };
		06BD8D902537192F0092B674 /* Base */ = {isa = PBXFileReference; lastKnownFileType = file.storyboard; name = Base; path = Base.lproj/Main.storyboard; sourceTree = "<group>"; };
		06BD8D92253719310092B674 /* Assets.xcassets */ = {isa = PBXFileReference; lastKnownFileType = folder.assetcatalog; path = Assets.xcassets; sourceTree = "<group>"; };
		06BD8D95253719310092B674 /* Base */ = {isa = PBXFileReference; lastKnownFileType = file.storyboard; name = Base; path = Base.lproj/LaunchScreen.storyboard; sourceTree = "<group>"; };
		06BD8D97253719310092B674 /* Info.plist */ = {isa = PBXFileReference; lastKnownFileType = text.plist.xml; path = Info.plist; sourceTree = "<group>"; };
		06EF91A92538086B0073F5D4 /* SceneDelegate.swift */ = {isa = PBXFileReference; fileEncoding = 4; lastKnownFileType = sourcecode.swift; path = SceneDelegate.swift; sourceTree = "<group>"; };
		28A1BCD49DE5F4FFA99438DD /* Pods_Restaurants.framework */ = {isa = PBXFileReference; explicitFileType = wrapper.framework; includeInIndex = 0; path = Pods_Restaurants.framework; sourceTree = BUILT_PRODUCTS_DIR; };
		5E163413DD8A0888C1E2DD13 /* Pods-Restaurants.release.xcconfig */ = {isa = PBXFileReference; includeInIndex = 1; lastKnownFileType = text.xcconfig; name = "Pods-Restaurants.release.xcconfig"; path = "Target Support Files/Pods-Restaurants/Pods-Restaurants.release.xcconfig"; sourceTree = "<group>"; };
		717F7DB1992553AA6A06B246 /* Pods-Restaurants.debug.xcconfig */ = {isa = PBXFileReference; includeInIndex = 1; lastKnownFileType = text.xcconfig; name = "Pods-Restaurants.debug.xcconfig"; path = "Target Support Files/Pods-Restaurants/Pods-Restaurants.debug.xcconfig"; sourceTree = "<group>"; };
/* End PBXFileReference section */

/* Begin PBXFrameworksBuildPhase section */
		06BD8D832537192F0092B674 /* Frameworks */ = {
			isa = PBXFrameworksBuildPhase;
			buildActionMask = 2147483647;
			files = (
				30707D5E08819A08E0250B84 /* Pods_Restaurants.framework in Frameworks */,
			);
			runOnlyForDeploymentPostprocessing = 0;
		};
/* End PBXFrameworksBuildPhase section */

/* Begin PBXGroup section */
		06BD8D7D2537192E0092B674 = {
			isa = PBXGroup;
			children = (
				06BD8D882537192F0092B674 /* Restaurants */,
				06BD8D872537192F0092B674 /* Products */,
				1BF0DB20BC2D807FE0F505D9 /* Pods */,
				DC7C9CC9EE8C353BFFB4F52F /* Frameworks */,
			);
			sourceTree = "<group>";
		};
		06BD8D872537192F0092B674 /* Products */ = {
			isa = PBXGroup;
			children = (
				06BD8D862537192F0092B674 /* Restaurants.app */,
			);
			name = Products;
			sourceTree = "<group>";
		};
		06BD8D882537192F0092B674 /* Restaurants */ = {
			isa = PBXGroup;
			children = (
				06BD8D892537192F0092B674 /* AppDelegate.swift */,
				06EF91A92538086B0073F5D4 /* SceneDelegate.swift */,
				0698B38A25371A060099BA19 /* HomeModel.swift */,
				06BD8D9D253719640092B674 /* Cells */,
				06BD8D8D2537192F0092B674 /* ViewController.swift */,
				06BD8D8F2537192F0092B674 /* Main.storyboard */,
				06BD8D92253719310092B674 /* Assets.xcassets */,
				06BD8D94253719310092B674 /* LaunchScreen.storyboard */,
				06BD8D97253719310092B674 /* Info.plist */,
			);
			path = Restaurants;
			sourceTree = "<group>";
		};
		06BD8D9D253719640092B674 /* Cells */ = {
			isa = PBXGroup;
			children = (
				0698B385253719EB0099BA19 /* CategoryCollectionViewCell.swift */,
				0698B386253719EB0099BA19 /* OffersCollectionViewCell.swift */,
				0698B384253719EB0099BA19 /* RestaurantTableViewCell.swift */,
			);
			path = Cells;
			sourceTree = "<group>";
		};
		1BF0DB20BC2D807FE0F505D9 /* Pods */ = {
			isa = PBXGroup;
			children = (
				717F7DB1992553AA6A06B246 /* Pods-Restaurants.debug.xcconfig */,
				5E163413DD8A0888C1E2DD13 /* Pods-Restaurants.release.xcconfig */,
			);
			path = Pods;
			sourceTree = "<group>";
		};
		DC7C9CC9EE8C353BFFB4F52F /* Frameworks */ = {
			isa = PBXGroup;
			children = (
				28A1BCD49DE5F4FFA99438DD /* Pods_Restaurants.framework */,
			);
			name = Frameworks;
			sourceTree = "<group>";
		};
/* End PBXGroup section */

/* Begin PBXNativeTarget section */
		06BD8D852537192F0092B674 /* Restaurants */ = {
			isa = PBXNativeTarget;
			buildConfigurationList = 06BD8D9A253719310092B674 /* Build configuration list for PBXNativeTarget "Restaurants" */;
			buildPhases = (
				E3E42F8E7C3D53408E3A80E2 /* [CP] Check Pods Manifest.lock */,
				06BD8D822537192F0092B674 /* Sources */,
				06BD8D832537192F0092B674 /* Frameworks */,
				06BD8D842537192F0092B674 /* Resources */,
				2C1CB1174345E2B98BC0A34D /* [CP] Embed Pods Frameworks */,
			);
			buildRules = (
			);
			dependencies = (
			);
			name = Restaurants;
			productName = Restaurants;
			productReference = 06BD8D862537192F0092B674 /* Restaurants.app */;
			productType = "com.apple.product-type.application";
		};
/* End PBXNativeTarget section */

/* Begin PBXProject section */
		06BD8D7E2537192E0092B674 /* Project object */ = {
			isa = PBXProject;
			attributes = {
				LastSwiftUpdateCheck = 1130;
				LastUpgradeCheck = 1130;
				ORGANIZATIONNAME = MSS;
				TargetAttributes = {
					06BD8D852537192F0092B674 = {
						CreatedOnToolsVersion = 11.3;
					};
				};
			};
			buildConfigurationList = 06BD8D812537192E0092B674 /* Build configuration list for PBXProject "Restaurants" */;
			compatibilityVersion = "Xcode 9.3";
			developmentRegion = en;
			hasScannedForEncodings = 0;
			knownRegions = (
				en,
				Base,
			);
			mainGroup = 06BD8D7D2537192E0092B674;
			productRefGroup = 06BD8D872537192F0092B674 /* Products */;
			projectDirPath = "";
			projectRoot = "";
			targets = (
				06BD8D852537192F0092B674 /* Restaurants */,
			);
		};
/* End PBXProject section */

/* Begin PBXResourcesBuildPhase section */
		06BD8D842537192F0092B674 /* Resources */ = {
			isa = PBXResourcesBuildPhase;
			buildActionMask = 2147483647;
			files = (
				06BD8D96253719310092B674 /* LaunchScreen.storyboard in Resources */,
				06BD8D93253719310092B674 /* Assets.xcassets in Resources */,
				06BD8D912537192F0092B674 /* Main.storyboard in Resources */,
			);
			runOnlyForDeploymentPostprocessing = 0;
		};
/* End PBXResourcesBuildPhase section */

/* Begin PBXShellScriptBuildPhase section */
		2C1CB1174345E2B98BC0A34D /* [CP] Embed Pods Frameworks */ = {
			isa = PBXShellScriptBuildPhase;
			buildActionMask = 2147483647;
			files = (
			);
			inputFileListPaths = (
				"${PODS_ROOT}/Target Support Files/Pods-Restaurants/Pods-Restaurants-frameworks-${CONFIGURATION}-input-files.xcfilelist",
			);
			name = "[CP] Embed Pods Frameworks";
			outputFileListPaths = (
				"${PODS_ROOT}/Target Support Files/Pods-Restaurants/Pods-Restaurants-frameworks-${CONFIGURATION}-output-files.xcfilelist",
			);
			runOnlyForDeploymentPostprocessing = 0;
			shellPath = /bin/sh;
			shellScript = "\"${PODS_ROOT}/Target Support Files/Pods-Restaurants/Pods-Restaurants-frameworks.sh\"\n";
			showEnvVarsInLog = 0;
		};
		E3E42F8E7C3D53408E3A80E2 /* [CP] Check Pods Manifest.lock */ = {
			isa = PBXShellScriptBuildPhase;
			buildActionMask = 2147483647;
			files = (
			);
			inputFileListPaths = (
			);
			inputPaths = (
				"${PODS_PODFILE_DIR_PATH}/Podfile.lock",
				"${PODS_ROOT}/Manifest.lock",
			);
			name = "[CP] Check Pods Manifest.lock";
			outputFileListPaths = (
			);
			outputPaths = (
				"$(DERIVED_FILE_DIR)/Pods-Restaurants-checkManifestLockResult.txt",
			);
			runOnlyForDeploymentPostprocessing = 0;
			shellPath = /bin/sh;
			shellScript = "diff \"${PODS_PODFILE_DIR_PATH}/Podfile.lock\" \"${PODS_ROOT}/Manifest.lock\" > /dev/null\nif [ $? != 0 ] ; then\n    # print error to STDERR\n    echo \"error: The sandbox is not in sync with the Podfile.lock. Run 'pod install' or update your CocoaPods installation.\" >&2\n    exit 1\nfi\n# This output is used by Xcode 'outputs' to avoid re-running this script phase.\necho \"SUCCESS\" > \"${SCRIPT_OUTPUT_FILE_0}\"\n";
			showEnvVarsInLog = 0;
		};
/* End PBXShellScriptBuildPhase section */

/* Begin PBXSourcesBuildPhase section */
		06BD8D822537192F0092B674 /* Sources */ = {
			isa = PBXSourcesBuildPhase;
			buildActionMask = 2147483647;
			files = (
				0698B388253719EB0099BA19 /* CategoryCollectionViewCell.swift in Sources */,
				06EF91AA2538086C0073F5D4 /* SceneDelegate.swift in Sources */,
				06BD8D8E2537192F0092B674 /* ViewController.swift in Sources */,
				0698B38B25371A060099BA19 /* HomeModel.swift in Sources */,
				0698B387253719EB0099BA19 /* RestaurantTableViewCell.swift in Sources */,
				06BD8D8A2537192F0092B674 /* AppDelegate.swift in Sources */,
				0698B389253719EB0099BA19 /* OffersCollectionViewCell.swift in Sources */,
			);
			runOnlyForDeploymentPostprocessing = 0;
		};
/* End PBXSourcesBuildPhase section */

/* Begin PBXVariantGroup section */
		06BD8D8F2537192F0092B674 /* Main.storyboard */ = {
			isa = PBXVariantGroup;
			children = (
				06BD8D902537192F0092B674 /* Base */,
			);
			name = Main.storyboard;
			sourceTree = "<group>";
		};
		06BD8D94253719310092B674 /* LaunchScreen.storyboard */ = {
			isa = PBXVariantGroup;
			children = (
				06BD8D95253719310092B674 /* Base */,
			);
			name = LaunchScreen.storyboard;
			sourceTree = "<group>";
		};
/* End PBXVariantGroup section */

/* Begin XCBuildConfiguration section */
		06BD8D98253719310092B674 /* Debug */ = {
			isa = XCBuildConfiguration;
			buildSettings = {
				ALWAYS_SEARCH_USER_PATHS = NO;
				CLANG_ANALYZER_NONNULL = YES;
				CLANG_ANALYZER_NUMBER_OBJECT_CONVERSION = YES_AGGRESSIVE;
				CLANG_CXX_LANGUAGE_STANDARD = "gnu++14";
				CLANG_CXX_LIBRARY = "libc++";
				CLANG_ENABLE_MODULES = YES;
				CLANG_ENABLE_OBJC_ARC = YES;
				CLANG_ENABLE_OBJC_WEAK = YES;
				CLANG_WARN_BLOCK_CAPTURE_AUTORELEASING = YES;
				CLANG_WARN_BOOL_CONVERSION = YES;
				CLANG_WARN_COMMA = YES;
				CLANG_WARN_CONSTANT_CONVERSION = YES;
				CLANG_WARN_DEPRECATED_OBJC_IMPLEMENTATIONS = YES;
				CLANG_WARN_DIRECT_OBJC_ISA_USAGE = YES_ERROR;
				CLANG_WARN_DOCUMENTATION_COMMENTS = YES;
				CLANG_WARN_EMPTY_BODY = YES;
				CLANG_WARN_ENUM_CONVERSION = YES;
				CLANG_WARN_INFINITE_RECURSION = YES;
				CLANG_WARN_INT_CONVERSION = YES;
				CLANG_WARN_NON_LITERAL_NULL_CONVERSION = YES;
				CLANG_WARN_OBJC_IMPLICIT_RETAIN_SELF = YES;
				CLANG_WARN_OBJC_LITERAL_CONVERSION = YES;
				CLANG_WARN_OBJC_ROOT_CLASS = YES_ERROR;
				CLANG_WARN_RANGE_LOOP_ANALYSIS = YES;
				CLANG_WARN_STRICT_PROTOTYPES = YES;
				CLANG_WARN_SUSPICIOUS_MOVE = YES;
				CLANG_WARN_UNGUARDED_AVAILABILITY = YES_AGGRESSIVE;
				CLANG_WARN_UNREACHABLE_CODE = YES;
				CLANG_WARN__DUPLICATE_METHOD_MATCH = YES;
				COPY_PHASE_STRIP = NO;
				DEBUG_INFORMATION_FORMAT = dwarf;
				ENABLE_STRICT_OBJC_MSGSEND = YES;
				ENABLE_TESTABILITY = YES;
				GCC_C_LANGUAGE_STANDARD = gnu11;
				GCC_DYNAMIC_NO_PIC = NO;
				GCC_NO_COMMON_BLOCKS = YES;
				GCC_OPTIMIZATION_LEVEL = 0;
				GCC_PREPROCESSOR_DEFINITIONS = (
					"DEBUG=1",
					"$(inherited)",
				);
				GCC_WARN_64_TO_32_BIT_CONVERSION = YES;
				GCC_WARN_ABOUT_RETURN_TYPE = YES_ERROR;
				GCC_WARN_UNDECLARED_SELECTOR = YES;
				GCC_WARN_UNINITIALIZED_AUTOS = YES_AGGRESSIVE;
				GCC_WARN_UNUSED_FUNCTION = YES;
				GCC_WARN_UNUSED_VARIABLE = YES;
				IPHONEOS_DEPLOYMENT_TARGET = 13.2;
				MTL_ENABLE_DEBUG_INFO = INCLUDE_SOURCE;
				MTL_FAST_MATH = YES;
				ONLY_ACTIVE_ARCH = YES;
				SDKROOT = iphoneos;
				SWIFT_ACTIVE_COMPILATION_CONDITIONS = DEBUG;
				SWIFT_OPTIMIZATION_LEVEL = "-Onone";
			};
			name = Debug;
		};
		06BD8D99253719310092B674 /* Release */ = {
			isa = XCBuildConfiguration;
			buildSettings = {
				ALWAYS_SEARCH_USER_PATHS = NO;
				CLANG_ANALYZER_NONNULL = YES;
				CLANG_ANALYZER_NUMBER_OBJECT_CONVERSION = YES_AGGRESSIVE;
				CLANG_CXX_LANGUAGE_STANDARD = "gnu++14";
				CLANG_CXX_LIBRARY = "libc++";
				CLANG_ENABLE_MODULES = YES;
				CLANG_ENABLE_OBJC_ARC = YES;
				CLANG_ENABLE_OBJC_WEAK = YES;
				CLANG_WARN_BLOCK_CAPTURE_AUTORELEASING = YES;
				CLANG_WARN_BOOL_CONVERSION = YES;
				CLANG_WARN_COMMA = YES;
				CLANG_WARN_CONSTANT_CONVERSION = YES;
				CLANG_WARN_DEPRECATED_OBJC_IMPLEMENTATIONS = YES;
				CLANG_WARN_DIRECT_OBJC_ISA_USAGE = YES_ERROR;
				CLANG_WARN_DOCUMENTATION_COMMENTS = YES;
				CLANG_WARN_EMPTY_BODY = YES;
				CLANG_WARN_ENUM_CONVERSION = YES;
				CLANG_WARN_INFINITE_RECURSION = YES;
				CLANG_WARN_INT_CONVERSION = YES;
				CLANG_WARN_NON_LITERAL_NULL_CONVERSION = YES;
				CLANG_WARN_OBJC_IMPLICIT_RETAIN_SELF = YES;
				CLANG_WARN_OBJC_LITERAL_CONVERSION = YES;
				CLANG_WARN_OBJC_ROOT_CLASS = YES_ERROR;
				CLANG_WARN_RANGE_LOOP_ANALYSIS = YES;
				CLANG_WARN_STRICT_PROTOTYPES = YES;
				CLANG_WARN_SUSPICIOUS_MOVE = YES;
				CLANG_WARN_UNGUARDED_AVAILABILITY = YES_AGGRESSIVE;
				CLANG_WARN_UNREACHABLE_CODE = YES;
				CLANG_WARN__DUPLICATE_METHOD_MATCH = YES;
				COPY_PHASE_STRIP = NO;
				DEBUG_INFORMATION_FORMAT = "dwarf-with-dsym";
				ENABLE_NS_ASSERTIONS = NO;
				ENABLE_STRICT_OBJC_MSGSEND = YES;
				GCC_C_LANGUAGE_STANDARD = gnu11;
				GCC_NO_COMMON_BLOCKS = YES;
				GCC_WARN_64_TO_32_BIT_CONVERSION = YES;
				GCC_WARN_ABOUT_RETURN_TYPE = YES_ERROR;
				GCC_WARN_UNDECLARED_SELECTOR = YES;
				GCC_WARN_UNINITIALIZED_AUTOS = YES_AGGRESSIVE;
				GCC_WARN_UNUSED_FUNCTION = YES;
				GCC_WARN_UNUSED_VARIABLE = YES;
				IPHONEOS_DEPLOYMENT_TARGET = 13.2;
				MTL_ENABLE_DEBUG_INFO = NO;
				MTL_FAST_MATH = YES;
				SDKROOT = iphoneos;
				SWIFT_COMPILATION_MODE = wholemodule;
				SWIFT_OPTIMIZATION_LEVEL = "-O";
				VALIDATE_PRODUCT = YES;
			};
			name = Release;
		};
		06BD8D9B253719310092B674 /* Debug */ = {
			isa = XCBuildConfiguration;
			baseConfigurationReference = 717F7DB1992553AA6A06B246 /* Pods-Restaurants.debug.xcconfig */;
			buildSettings = {
				ASSETCATALOG_COMPILER_APPICON_NAME = AppIcon;
				CODE_SIGN_STYLE = Automatic;
				INFOPLIST_FILE = Restaurants/Info.plist;
				LD_RUNPATH_SEARCH_PATHS = (
					"$(inherited)",
					"@executable_path/Frameworks",
				);
				PRODUCT_BUNDLE_IDENTIFIER = com.dash.Restaurants;
				PRODUCT_NAME = "$(TARGET_NAME)";
				SWIFT_VERSION = 5.0;
				TARGETED_DEVICE_FAMILY = "1,2";
			};
			name = Debug;
		};
		06BD8D9C253719310092B674 /* Release */ = {
			isa = XCBuildConfiguration;
			baseConfigurationReference = 5E163413DD8A0888C1E2DD13 /* Pods-Restaurants.release.xcconfig */;
			buildSettings = {
				ASSETCATALOG_COMPILER_APPICON_NAME = AppIcon;
				CODE_SIGN_STYLE = Automatic;
				INFOPLIST_FILE = Restaurants/Info.plist;
				LD_RUNPATH_SEARCH_PATHS = (
					"$(inherited)",
					"@executable_path/Frameworks",
				);
				PRODUCT_BUNDLE_IDENTIFIER = com.dash.Restaurants;
				PRODUCT_NAME = "$(TARGET_NAME)";
				SWIFT_VERSION = 5.0;
				TARGETED_DEVICE_FAMILY = "1,2";
			};
			name = Release;
		};
/* End XCBuildConfiguration section */

/* Begin XCConfigurationList section */
		06BD8D812537192E0092B674 /* Build configuration list for PBXProject "Restaurants" */ = {
			isa = XCConfigurationList;
			buildConfigurations = (
				06BD8D98253719310092B674 /* Debug */,
				06BD8D99253719310092B674 /* Release */,
			);
			defaultConfigurationIsVisible = 0;
			defaultConfigurationName = Release;
		};
		06BD8D9A253719310092B674 /* Build configuration list for PBXNativeTarget "Restaurants" */ = {
			isa = XCConfigurationList;
			buildConfigurations = (
				06BD8D9B253719310092B674 /* Debug */,
				06BD8D9C253719310092B674 /* Release */,
			);
			defaultConfigurationIsVisible = 0;
			defaultConfigurationName = Release;
		};
/* End XCConfigurationList section */
	};
	rootObject = 06BD8D7E2537192E0092B674 /* Project object */;
}
